// !$*UTF8*$!
{
	archiveVersion = 1;
	classes = {
	};
	objectVersion = 55;
	objects = {

/* Begin PBXBuildFile section */
		268FA1B92D1D4F600028F72F /* AppDelegate.m in Sources */ = {isa = PBXBuildFile; fileRef = 268FA1B82D1D4F600028F72F /* AppDelegate.m */; };
		268FA1BC2D1D4F600028F72F /* SceneDelegate.m in Sources */ = {isa = PBXBuildFile; fileRef = 268FA1BB2D1D4F600028F72F /* SceneDelegate.m */; };
		268FA1BF2D1D4F600028F72F /* ViewController.mm in Sources */ = {isa = PBXBuildFile; fileRef = 268FA1BE2D1D4F600028F72F /* ViewController.mm */; settings = {COMPILER_FLAGS = "-fno-objc-arc"; }; };
		268FA1C22D1D4F600028F72F /* Main.storyboard in Resources */ = {isa = PBXBuildFile; fileRef = 268FA1C02D1D4F600028F72F /* Main.storyboard */; };
		268FA1C42D1D4F610028F72F /* Assets.xcassets in Resources */ = {isa = PBXBuildFile; fileRef = 268FA1C32D1D4F610028F72F /* Assets.xcassets */; };
		268FA1C72D1D4F610028F72F /* LaunchScreen.storyboard in Resources */ = {isa = PBXBuildFile; fileRef = 268FA1C52D1D4F610028F72F /* LaunchScreen.storyboard */; };
		268FA1CA2D1D4F610028F72F /* main.m in Sources */ = {isa = PBXBuildFile; fileRef = 268FA1C92D1D4F610028F72F /* main.m */; };
		268FA1D42D1D4F610028F72F /* YPIsaDemoTests.m in Sources */ = {isa = PBXBuildFile; fileRef = 268FA1D32D1D4F610028F72F /* YPIsaDemoTests.m */; };
		268FA1DE2D1D4F610028F72F /* YPIsaDemoUITests.m in Sources */ = {isa = PBXBuildFile; fileRef = 268FA1DD2D1D4F610028F72F /* YPIsaDemoUITests.m */; };
		268FA1E02D1D4F610028F72F /* YPIsaDemoUITestsLaunchTests.m in Sources */ = {isa = PBXBuildFile; fileRef = 268FA1DF2D1D4F610028F72F /* YPIsaDemoUITestsLaunchTests.m */; };
		268FA1EE2D1D4FB00028F72F /* YPCar.m in Sources */ = {isa = PBXBuildFile; fileRef = 268FA1ED2D1D4FB00028F72F /* YPCar.m */; };
		26E726CE2D227890008ED355 /* YPBusinessCar.m in Sources */ = {isa = PBXBuildFile; fileRef = 26E726CD2D227890008ED355 /* YPBusinessCar.m */; };
		26E726D12D26A825008ED355 /* YPBus.m in Sources */ = {isa = PBXBuildFile; fileRef = 26E726D02D26A825008ED355 /* YPBus.m */; };
		26E726D72D27EB22008ED355 /* yp-printf.mm in Sources */ = {isa = PBXBuildFile; fileRef = 26E726D52D27EB22008ED355 /* yp-printf.mm */; };
		26E726E02D2FC378008ED355 /* YPObjectStructure.mm in Sources */ = {isa = PBXBuildFile; fileRef = 26E726DE2D2FC378008ED355 /* YPObjectStructure.mm */; settings = {COMPILER_FLAGS = "-fno-objc-arc"; }; };
		26E726E32D300C1D008ED355 /* YPSubBus.m in Sources */ = {isa = PBXBuildFile; fileRef = 26E726E22D300C1D008ED355 /* YPSubBus.m */; };
/* End PBXBuildFile section */

/* Begin PBXContainerItemProxy section */
		268FA1D02D1D4F610028F72F /* PBXContainerItemProxy */ = {
			isa = PBXContainerItemProxy;
			containerPortal = 268FA1AC2D1D4F600028F72F /* Project object */;
			proxyType = 1;
			remoteGlobalIDString = 268FA1B32D1D4F600028F72F;
			remoteInfo = YPIsaDemo;
		};
		268FA1DA2D1D4F610028F72F /* PBXContainerItemProxy */ = {
			isa = PBXContainerItemProxy;
			containerPortal = 268FA1AC2D1D4F600028F72F /* Project object */;
			proxyType = 1;
			remoteGlobalIDString = 268FA1B32D1D4F600028F72F;
			remoteInfo = YPIsaDemo;
		};
/* End PBXContainerItemProxy section */

/* Begin PBXFileReference section */
		268FA1B42D1D4F600028F72F /* YPIsaDemo.app */ = {isa = PBXFileReference; explicitFileType = wrapper.application; includeInIndex = 0; path = YPIsaDemo.app; sourceTree = BUILT_PRODUCTS_DIR; };
		268FA1B72D1D4F600028F72F /* AppDelegate.h */ = {isa = PBXFileReference; lastKnownFileType = sourcecode.c.h; path = AppDelegate.h; sourceTree = "<group>"; };
		268FA1B82D1D4F600028F72F /* AppDelegate.m */ = {isa = PBXFileReference; lastKnownFileType = sourcecode.c.objc; path = AppDelegate.m; sourceTree = "<group>"; };
		268FA1BA2D1D4F600028F72F /* SceneDelegate.h */ = {isa = PBXFileReference; lastKnownFileType = sourcecode.c.h; path = SceneDelegate.h; sourceTree = "<group>"; };
		268FA1BB2D1D4F600028F72F /* SceneDelegate.m */ = {isa = PBXFileReference; lastKnownFileType = sourcecode.c.objc; path = SceneDelegate.m; sourceTree = "<group>"; };
		268FA1BD2D1D4F600028F72F /* ViewController.h */ = {isa = PBXFileReference; lastKnownFileType = sourcecode.c.h; path = ViewController.h; sourceTree = "<group>"; };
		268FA1BE2D1D4F600028F72F /* ViewController.mm */ = {isa = PBXFileReference; lastKnownFileType = sourcecode.cpp.objcpp; path = ViewController.mm; sourceTree = "<group>"; };
		268FA1C12D1D4F600028F72F /* Base */ = {isa = PBXFileReference; lastKnownFileType = file.storyboard; name = Base; path = Base.lproj/Main.storyboard; sourceTree = "<group>"; };
		268FA1C32D1D4F610028F72F /* Assets.xcassets */ = {isa = PBXFileReference; lastKnownFileType = folder.assetcatalog; path = Assets.xcassets; sourceTree = "<group>"; };
		268FA1C62D1D4F610028F72F /* Base */ = {isa = PBXFileReference; lastKnownFileType = file.storyboard; name = Base; path = Base.lproj/LaunchScreen.storyboard; sourceTree = "<group>"; };
		268FA1C82D1D4F610028F72F /* Info.plist */ = {isa = PBXFileReference; lastKnownFileType = text.plist.xml; path = Info.plist; sourceTree = "<group>"; };
		268FA1C92D1D4F610028F72F /* main.m */ = {isa = PBXFileReference; lastKnownFileType = sourcecode.c.objc; path = main.m; sourceTree = "<group>"; };
		268FA1CF2D1D4F610028F72F /* YPIsaDemoTests.xctest */ = {isa = PBXFileReference; explicitFileType = wrapper.cfbundle; includeInIndex = 0; path = YPIsaDemoTests.xctest; sourceTree = BUILT_PRODUCTS_DIR; };
		268FA1D32D1D4F610028F72F /* YPIsaDemoTests.m */ = {isa = PBXFileReference; lastKnownFileType = sourcecode.c.objc; path = YPIsaDemoTests.m; sourceTree = "<group>"; };
		268FA1D92D1D4F610028F72F /* YPIsaDemoUITests.xctest */ = {isa = PBXFileReference; explicitFileType = wrapper.cfbundle; includeInIndex = 0; path = YPIsaDemoUITests.xctest; sourceTree = BUILT_PRODUCTS_DIR; };
		268FA1DD2D1D4F610028F72F /* YPIsaDemoUITests.m */ = {isa = PBXFileReference; lastKnownFileType = sourcecode.c.objc; path = YPIsaDemoUITests.m; sourceTree = "<group>"; };
		268FA1DF2D1D4F610028F72F /* YPIsaDemoUITestsLaunchTests.m */ = {isa = PBXFileReference; lastKnownFileType = sourcecode.c.objc; path = YPIsaDemoUITestsLaunchTests.m; sourceTree = "<group>"; };
		268FA1EC2D1D4FB00028F72F /* YPCar.h */ = {isa = PBXFileReference; lastKnownFileType = sourcecode.c.h; path = YPCar.h; sourceTree = "<group>"; };
		268FA1ED2D1D4FB00028F72F /* YPCar.m */ = {isa = PBXFileReference; lastKnownFileType = sourcecode.c.objc; path = YPCar.m; sourceTree = "<group>"; };
		26E726CC2D227890008ED355 /* YPBusinessCar.h */ = {isa = PBXFileReference; lastKnownFileType = sourcecode.c.h; path = YPBusinessCar.h; sourceTree = "<group>"; };
		26E726CD2D227890008ED355 /* YPBusinessCar.m */ = {isa = PBXFileReference; lastKnownFileType = sourcecode.c.objc; path = YPBusinessCar.m; sourceTree = "<group>"; };
		26E726CF2D26A825008ED355 /* YPBus.h */ = {isa = PBXFileReference; lastKnownFileType = sourcecode.c.h; path = YPBus.h; sourceTree = "<group>"; };
		26E726D02D26A825008ED355 /* YPBus.m */ = {isa = PBXFileReference; lastKnownFileType = sourcecode.c.objc; path = YPBus.m; sourceTree = "<group>"; };
		26E726D52D27EB22008ED355 /* yp-printf.mm */ = {isa = PBXFileReference; fileEncoding = 4; lastKnownFileType = sourcecode.cpp.objcpp; path = "yp-printf.mm"; sourceTree = "<group>"; };
		26E726D62D27EB22008ED355 /* yp-printf.h */ = {isa = PBXFileReference; fileEncoding = 4; lastKnownFileType = sourcecode.c.h; path = "yp-printf.h"; sourceTree = "<group>"; };
		26E726DE2D2FC378008ED355 /* YPObjectStructure.mm */ = {isa = PBXFileReference; fileEncoding = 4; lastKnownFileType = sourcecode.cpp.objcpp; path = YPObjectStructure.mm; sourceTree = "<group>"; };
		26E726DF2D2FC378008ED355 /* YPObjectStructure.h */ = {isa = PBXFileReference; fileEncoding = 4; lastKnownFileType = sourcecode.c.h; path = YPObjectStructure.h; sourceTree = "<group>"; };
		26E726E12D300C1D008ED355 /* YPSubBus.h */ = {isa = PBXFileReference; lastKnownFileType = sourcecode.c.h; path = YPSubBus.h; sourceTree = "<group>"; };
		26E726E22D300C1D008ED355 /* YPSubBus.m */ = {isa = PBXFileReference; lastKnownFileType = sourcecode.c.objc; path = YPSubBus.m; sourceTree = "<group>"; };
/* End PBXFileReference section */

/* Begin PBXFrameworksBuildPhase section */
		268FA1B12D1D4F600028F72F /* Frameworks */ = {
			isa = PBXFrameworksBuildPhase;
			buildActionMask = 2147483647;
			files = (
			);
			runOnlyForDeploymentPostprocessing = 0;
		};
		268FA1CC2D1D4F610028F72F /* Frameworks */ = {
			isa = PBXFrameworksBuildPhase;
			buildActionMask = 2147483647;
			files = (
			);
			runOnlyForDeploymentPostprocessing = 0;
		};
		268FA1D62D1D4F610028F72F /* Frameworks */ = {
			isa = PBXFrameworksBuildPhase;
			buildActionMask = 2147483647;
			files = (
			);
			runOnlyForDeploymentPostprocessing = 0;
		};
/* End PBXFrameworksBuildPhase section */

/* Begin PBXGroup section */
		268FA1AB2D1D4F600028F72F = {
			isa = PBXGroup;
			children = (
				268FA1B62D1D4F600028F72F /* YPIsaDemo */,
				268FA1D22D1D4F610028F72F /* YPIsaDemoTests */,
				268FA1DC2D1D4F610028F72F /* YPIsaDemoUITests */,
				268FA1B52D1D4F600028F72F /* Products */,
			);
			sourceTree = "<group>";
		};
		268FA1B52D1D4F600028F72F /* Products */ = {
			isa = PBXGroup;
			children = (
				268FA1B42D1D4F600028F72F /* YPIsaDemo.app */,
				268FA1CF2D1D4F610028F72F /* YPIsaDemoTests.xctest */,
				268FA1D92D1D4F610028F72F /* YPIsaDemoUITests.xctest */,
			);
			name = Products;
			sourceTree = "<group>";
		};
		268FA1B62D1D4F600028F72F /* YPIsaDemo */ = {
			isa = PBXGroup;
			children = (
				26E726DF2D2FC378008ED355 /* YPObjectStructure.h */,
				26E726DE2D2FC378008ED355 /* YPObjectStructure.mm */,
				268FA1B72D1D4F600028F72F /* AppDelegate.h */,
				268FA1B82D1D4F600028F72F /* AppDelegate.m */,
				268FA1BA2D1D4F600028F72F /* SceneDelegate.h */,
				268FA1BB2D1D4F600028F72F /* SceneDelegate.m */,
				268FA1BD2D1D4F600028F72F /* ViewController.h */,
				268FA1BE2D1D4F600028F72F /* ViewController.mm */,
				26E726CC2D227890008ED355 /* YPBusinessCar.h */,
				26E726CD2D227890008ED355 /* YPBusinessCar.m */,
				26E726CF2D26A825008ED355 /* YPBus.h */,
				26E726D02D26A825008ED355 /* YPBus.m */,
				26E726E12D300C1D008ED355 /* YPSubBus.h */,
				26E726E22D300C1D008ED355 /* YPSubBus.m */,
				268FA1EC2D1D4FB00028F72F /* YPCar.h */,
				268FA1ED2D1D4FB00028F72F /* YPCar.m */,
				26E726D52D27EB22008ED355 /* yp-printf.mm */,
				26E726D62D27EB22008ED355 /* yp-printf.h */,
				268FA1C02D1D4F600028F72F /* Main.storyboard */,
				268FA1C32D1D4F610028F72F /* Assets.xcassets */,
				268FA1C52D1D4F610028F72F /* LaunchScreen.storyboard */,
				268FA1C82D1D4F610028F72F /* Info.plist */,
				268FA1C92D1D4F610028F72F /* main.m */,
			);
			path = YPIsaDemo;
			sourceTree = "<group>";
		};
		268FA1D22D1D4F610028F72F /* YPIsaDemoTests */ = {
			isa = PBXGroup;
			children = (
				268FA1D32D1D4F610028F72F /* YPIsaDemoTests.m */,
			);
			path = YPIsaDemoTests;
			sourceTree = "<group>";
		};
		268FA1DC2D1D4F610028F72F /* YPIsaDemoUITests */ = {
			isa = PBXGroup;
			children = (
				268FA1DD2D1D4F610028F72F /* YPIsaDemoUITests.m */,
				268FA1DF2D1D4F610028F72F /* YPIsaDemoUITestsLaunchTests.m */,
			);
			path = YPIsaDemoUITests;
			sourceTree = "<group>";
		};
/* End PBXGroup section */

/* Begin PBXNativeTarget section */
		268FA1B32D1D4F600028F72F /* YPIsaDemo */ = {
			isa = PBXNativeTarget;
			buildConfigurationList = 268FA1E32D1D4F610028F72F /* Build configuration list for PBXNativeTarget "YPIsaDemo" */;
			buildPhases = (
				268FA1B02D1D4F600028F72F /* Sources */,
				268FA1B12D1D4F600028F72F /* Frameworks */,
				268FA1B22D1D4F600028F72F /* Resources */,
			);
			buildRules = (
			);
			dependencies = (
			);
			name = YPIsaDemo;
			productName = YPIsaDemo;
			productReference = 268FA1B42D1D4F600028F72F /* YPIsaDemo.app */;
			productType = "com.apple.product-type.application";
		};
		268FA1CE2D1D4F610028F72F /* YPIsaDemoTests */ = {
			isa = PBXNativeTarget;
			buildConfigurationList = 268FA1E62D1D4F610028F72F /* Build configuration list for PBXNativeTarget "YPIsaDemoTests" */;
			buildPhases = (
				268FA1CB2D1D4F610028F72F /* Sources */,
				268FA1CC2D1D4F610028F72F /* Frameworks */,
				268FA1CD2D1D4F610028F72F /* Resources */,
			);
			buildRules = (
			);
			dependencies = (
				268FA1D12D1D4F610028F72F /* PBXTargetDependency */,
			);
			name = YPIsaDemoTests;
			productName = YPIsaDemoTests;
			productReference = 268FA1CF2D1D4F610028F72F /* YPIsaDemoTests.xctest */;
			productType = "com.apple.product-type.bundle.unit-test";
		};
		268FA1D82D1D4F610028F72F /* YPIsaDemoUITests */ = {
			isa = PBXNativeTarget;
			buildConfigurationList = 268FA1E92D1D4F610028F72F /* Build configuration list for PBXNativeTarget "YPIsaDemoUITests" */;
			buildPhases = (
				268FA1D52D1D4F610028F72F /* Sources */,
				268FA1D62D1D4F610028F72F /* Frameworks */,
				268FA1D72D1D4F610028F72F /* Resources */,
			);
			buildRules = (
			);
			dependencies = (
				268FA1DB2D1D4F610028F72F /* PBXTargetDependency */,
			);
			name = YPIsaDemoUITests;
			productName = YPIsaDemoUITests;
			productReference = 268FA1D92D1D4F610028F72F /* YPIsaDemoUITests.xctest */;
			productType = "com.apple.product-type.bundle.ui-testing";
		};
/* End PBXNativeTarget section */

/* Begin PBXProject section */
		268FA1AC2D1D4F600028F72F /* Project object */ = {
			isa = PBXProject;
			attributes = {
				BuildIndependentTargetsInParallel = 1;
				LastUpgradeCheck = 1340;
				TargetAttributes = {
					268FA1B32D1D4F600028F72F = {
						CreatedOnToolsVersion = 13.4.1;
					};
					268FA1CE2D1D4F610028F72F = {
						CreatedOnToolsVersion = 13.4.1;
						TestTargetID = 268FA1B32D1D4F600028F72F;
					};
					268FA1D82D1D4F610028F72F = {
						CreatedOnToolsVersion = 13.4.1;
						TestTargetID = 268FA1B32D1D4F600028F72F;
					};
				};
			};
			buildConfigurationList = 268FA1AF2D1D4F600028F72F /* Build configuration list for PBXProject "YPIsaDemo" */;
			compatibilityVersion = "Xcode 13.0";
			developmentRegion = en;
			hasScannedForEncodings = 0;
			knownRegions = (
				en,
				Base,
			);
			mainGroup = 268FA1AB2D1D4F600028F72F;
			productRefGroup = 268FA1B52D1D4F600028F72F /* Products */;
			projectDirPath = "";
			projectRoot = "";
			targets = (
				268FA1B32D1D4F600028F72F /* YPIsaDemo */,
				268FA1CE2D1D4F610028F72F /* YPIsaDemoTests */,
				268FA1D82D1D4F610028F72F /* YPIsaDemoUITests */,
			);
		};
/* End PBXProject section */

/* Begin PBXResourcesBuildPhase section */
		268FA1B22D1D4F600028F72F /* Resources */ = {
			isa = PBXResourcesBuildPhase;
			buildActionMask = 2147483647;
			files = (
				268FA1C72D1D4F610028F72F /* LaunchScreen.storyboard in Resources */,
				268FA1C42D1D4F610028F72F /* Assets.xcassets in Resources */,
				268FA1C22D1D4F600028F72F /* Main.storyboard in Resources */,
			);
			runOnlyForDeploymentPostprocessing = 0;
		};
		268FA1CD2D1D4F610028F72F /* Resources */ = {
			isa = PBXResourcesBuildPhase;
			buildActionMask = 2147483647;
			files = (
			);
			runOnlyForDeploymentPostprocessing = 0;
		};
		268FA1D72D1D4F610028F72F /* Resources */ = {
			isa = PBXResourcesBuildPhase;
			buildActionMask = 2147483647;
			files = (
			);
			runOnlyForDeploymentPostprocessing = 0;
		};
/* End PBXResourcesBuildPhase section */

/* Begin PBXSourcesBuildPhase section */
		268FA1B02D1D4F600028F72F /* Sources */ = {
			isa = PBXSourcesBuildPhase;
			buildActionMask = 2147483647;
			files = (
				268FA1BF2D1D4F600028F72F /* ViewController.mm in Sources */,
				26E726E02D2FC378008ED355 /* YPObjectStructure.mm in Sources */,
				268FA1B92D1D4F600028F72F /* AppDelegate.m in Sources */,
				268FA1CA2D1D4F610028F72F /* main.m in Sources */,
				268FA1BC2D1D4F600028F72F /* SceneDelegate.m in Sources */,
				268FA1EE2D1D4FB00028F72F /* YPCar.m in Sources */,
				26E726E32D300C1D008ED355 /* YPSubBus.m in Sources */,
				26E726D72D27EB22008ED355 /* yp-printf.mm in Sources */,
				26E726CE2D227890008ED355 /* YPBusinessCar.m in Sources */,
				26E726D12D26A825008ED355 /* YPBus.m in Sources */,
			);
			runOnlyForDeploymentPostprocessing = 0;
		};
		268FA1CB2D1D4F610028F72F /* Sources */ = {
			isa = PBXSourcesBuildPhase;
			buildActionMask = 2147483647;
			files = (
				268FA1D42D1D4F610028F72F /* YPIsaDemoTests.m in Sources */,
			);
			runOnlyForDeploymentPostprocessing = 0;
		};
		268FA1D52D1D4F610028F72F /* Sources */ = {
			isa = PBXSourcesBuildPhase;
			buildActionMask = 2147483647;
			files = (
				268FA1E02D1D4F610028F72F /* YPIsaDemoUITestsLaunchTests.m in Sources */,
				268FA1DE2D1D4F610028F72F /* YPIsaDemoUITests.m in Sources */,
			);
			runOnlyForDeploymentPostprocessing = 0;
		};
/* End PBXSourcesBuildPhase section */

/* Begin PBXTargetDependency section */
		268FA1D12D1D4F610028F72F /* PBXTargetDependency */ = {
			isa = PBXTargetDependency;
			target = 268FA1B32D1D4F600028F72F /* YPIsaDemo */;
			targetProxy = 268FA1D02D1D4F610028F72F /* PBXContainerItemProxy */;
		};
		268FA1DB2D1D4F610028F72F /* PBXTargetDependency */ = {
			isa = PBXTargetDependency;
			target = 268FA1B32D1D4F600028F72F /* YPIsaDemo */;
			targetProxy = 268FA1DA2D1D4F610028F72F /* PBXContainerItemProxy */;
		};
/* End PBXTargetDependency section */

/* Begin PBXVariantGroup section */
		268FA1C02D1D4F600028F72F /* Main.storyboard */ = {
			isa = PBXVariantGroup;
			children = (
				268FA1C12D1D4F600028F72F /* Base */,
			);
			name = Main.storyboard;
			sourceTree = "<group>";
		};
		268FA1C52D1D4F610028F72F /* LaunchScreen.storyboard */ = {
			isa = PBXVariantGroup;
			children = (
				268FA1C62D1D4F610028F72F /* Base */,
			);
			name = LaunchScreen.storyboard;
			sourceTree = "<group>";
		};
/* End PBXVariantGroup section */

/* Begin XCBuildConfiguration section */
		268FA1E12D1D4F610028F72F /* Debug */ = {
			isa = XCBuildConfiguration;
			buildSettings = {
				ALWAYS_SEARCH_USER_PATHS = NO;
				CLANG_ANALYZER_NONNULL = YES;
				CLANG_ANALYZER_NUMBER_OBJECT_CONVERSION = YES_AGGRESSIVE;
				CLANG_CXX_LANGUAGE_STANDARD = "gnu++17";
				CLANG_ENABLE_MODULES = YES;
				CLANG_ENABLE_OBJC_ARC = YES;
				CLANG_ENABLE_OBJC_WEAK = YES;
				CLANG_WARN_BLOCK_CAPTURE_AUTORELEASING = YES;
				CLANG_WARN_BOOL_CONVERSION = YES;
				CLANG_WARN_COMMA = YES;
				CLANG_WARN_CONSTANT_CONVERSION = YES;
				CLANG_WARN_DEPRECATED_OBJC_IMPLEMENTATIONS = YES;
				CLANG_WARN_DIRECT_OBJC_ISA_USAGE = YES_ERROR;
				CLANG_WARN_DOCUMENTATION_COMMENTS = YES;
				CLANG_WARN_EMPTY_BODY = YES;
				CLANG_WARN_ENUM_CONVERSION = YES;
				CLANG_WARN_INFINITE_RECURSION = YES;
				CLANG_WARN_INT_CONVERSION = YES;
				CLANG_WARN_NON_LITERAL_NULL_CONVERSION = YES;
				CLANG_WARN_OBJC_IMPLICIT_RETAIN_SELF = YES;
				CLANG_WARN_OBJC_LITERAL_CONVERSION = YES;
				CLANG_WARN_OBJC_ROOT_CLASS = YES_ERROR;
				CLANG_WARN_QUOTED_INCLUDE_IN_FRAMEWORK_HEADER = YES;
				CLANG_WARN_RANGE_LOOP_ANALYSIS = YES;
				CLANG_WARN_STRICT_PROTOTYPES = YES;
				CLANG_WARN_SUSPICIOUS_MOVE = YES;
				CLANG_WARN_UNGUARDED_AVAILABILITY = YES_AGGRESSIVE;
				CLANG_WARN_UNREACHABLE_CODE = YES;
				CLANG_WARN__DUPLICATE_METHOD_MATCH = YES;
				COPY_PHASE_STRIP = NO;
				DEBUG_INFORMATION_FORMAT = dwarf;
				ENABLE_STRICT_OBJC_MSGSEND = YES;
				ENABLE_TESTABILITY = YES;
				GCC_C_LANGUAGE_STANDARD = gnu11;
				GCC_DYNAMIC_NO_PIC = NO;
				GCC_NO_COMMON_BLOCKS = YES;
				GCC_OPTIMIZATION_LEVEL = 0;
				GCC_PREPROCESSOR_DEFINITIONS = (
					"DEBUG=1",
					"TARGET_OS_SIMULATOR=0",
					"$(inherited)",
				);
				GCC_WARN_64_TO_32_BIT_CONVERSION = YES;
				GCC_WARN_ABOUT_RETURN_TYPE = YES_ERROR;
				GCC_WARN_UNDECLARED_SELECTOR = YES;
				GCC_WARN_UNINITIALIZED_AUTOS = YES_AGGRESSIVE;
				GCC_WARN_UNUSED_FUNCTION = YES;
				GCC_WARN_UNUSED_VARIABLE = YES;
				IPHONEOS_DEPLOYMENT_TARGET = 13.1;
				MTL_ENABLE_DEBUG_INFO = INCLUDE_SOURCE;
				MTL_FAST_MATH = YES;
				ONLY_ACTIVE_ARCH = YES;
				SDKROOT = iphoneos;
			};
			name = Debug;
		};
		268FA1E22D1D4F610028F72F /* Release */ = {
			isa = XCBuildConfiguration;
			buildSettings = {
				ALWAYS_SEARCH_USER_PATHS = NO;
				CLANG_ANALYZER_NONNULL = YES;
				CLANG_ANALYZER_NUMBER_OBJECT_CONVERSION = YES_AGGRESSIVE;
				CLANG_CXX_LANGUAGE_STANDARD = "gnu++17";
				CLANG_ENABLE_MODULES = YES;
				CLANG_ENABLE_OBJC_ARC = YES;
				CLANG_ENABLE_OBJC_WEAK = YES;
				CLANG_WARN_BLOCK_CAPTURE_AUTORELEASING = YES;
				CLANG_WARN_BOOL_CONVERSION = YES;
				CLANG_WARN_COMMA = YES;
				CLANG_WARN_CONSTANT_CONVERSION = YES;
				CLANG_WARN_DEPRECATED_OBJC_IMPLEMENTATIONS = YES;
				CLANG_WARN_DIRECT_OBJC_ISA_USAGE = YES_ERROR;
				CLANG_WARN_DOCUMENTATION_COMMENTS = YES;
				CLANG_WARN_EMPTY_BODY = YES;
				CLANG_WARN_ENUM_CONVERSION = YES;
				CLANG_WARN_INFINITE_RECURSION = YES;
				CLANG_WARN_INT_CONVERSION = YES;
				CLANG_WARN_NON_LITERAL_NULL_CONVERSION = YES;
				CLANG_WARN_OBJC_IMPLICIT_RETAIN_SELF = YES;
				CLANG_WARN_OBJC_LITERAL_CONVERSION = YES;
				CLANG_WARN_OBJC_ROOT_CLASS = YES_ERROR;
				CLANG_WARN_QUOTED_INCLUDE_IN_FRAMEWORK_HEADER = YES;
				CLANG_WARN_RANGE_LOOP_ANALYSIS = YES;
				CLANG_WARN_STRICT_PROTOTYPES = YES;
				CLANG_WARN_SUSPICIOUS_MOVE = YES;
				CLANG_WARN_UNGUARDED_AVAILABILITY = YES_AGGRESSIVE;
				CLANG_WARN_UNREACHABLE_CODE = YES;
				CLANG_WARN__DUPLICATE_METHOD_MATCH = YES;
				COPY_PHASE_STRIP = NO;
				DEBUG_INFORMATION_FORMAT = "dwarf-with-dsym";
				ENABLE_NS_ASSERTIONS = NO;
				ENABLE_STRICT_OBJC_MSGSEND = YES;
				GCC_C_LANGUAGE_STANDARD = gnu11;
				GCC_NO_COMMON_BLOCKS = YES;
				GCC_WARN_64_TO_32_BIT_CONVERSION = YES;
				GCC_WARN_ABOUT_RETURN_TYPE = YES_ERROR;
				GCC_WARN_UNDECLARED_SELECTOR = YES;
				GCC_WARN_UNINITIALIZED_AUTOS = YES_AGGRESSIVE;
				GCC_WARN_UNUSED_FUNCTION = YES;
				GCC_WARN_UNUSED_VARIABLE = YES;
				IPHONEOS_DEPLOYMENT_TARGET = 13.1;
				MTL_ENABLE_DEBUG_INFO = NO;
				MTL_FAST_MATH = YES;
				SDKROOT = iphoneos;
				VALIDATE_PRODUCT = YES;
			};
			name = Release;
		};
		268FA1E42D1D4F610028F72F /* Debug */ = {
			isa = XCBuildConfiguration;
			buildSettings = {
				ASSETCATALOG_COMPILER_APPICON_NAME = AppIcon;
				ASSETCATALOG_COMPILER_GLOBAL_ACCENT_COLOR_NAME = AccentColor;
				CODE_SIGN_STYLE = Automatic;
				CURRENT_PROJECT_VERSION = 1;
				DEVELOPMENT_TEAM = 2GXE8XQJTS;
				GENERATE_INFOPLIST_FILE = YES;
				INFOPLIST_FILE = YPIsaDemo/Info.plist;
				INFOPLIST_KEY_UIApplicationSupportsIndirectInputEvents = YES;
				INFOPLIST_KEY_UILaunchStoryboardName = LaunchScreen;
				INFOPLIST_KEY_UIMainStoryboardFile = Main;
				INFOPLIST_KEY_UISupportedInterfaceOrientations_iPad = "UIInterfaceOrientationPortrait UIInterfaceOrientationPortraitUpsideDown UIInterfaceOrientationLandscapeLeft UIInterfaceOrientationLandscapeRight";
				INFOPLIST_KEY_UISupportedInterfaceOrientations_iPhone = "UIInterfaceOrientationPortrait UIInterfaceOrientationLandscapeLeft UIInterfaceOrientationLandscapeRight";
				LD_RUNPATH_SEARCH_PATHS = (
					"$(inherited)",
					"@executable_path/Frameworks",
				);
				MARKETING_VERSION = 1.0;
				PRODUCT_BUNDLE_IDENTIFIER = zyp.YPIsaDemo;
				PRODUCT_NAME = "$(TARGET_NAME)";
				SWIFT_EMIT_LOC_STRINGS = YES;
				TARGETED_DEVICE_FAMILY = "1,2";
			};
			name = Debug;
		};
		268FA1E52D1D4F610028F72F /* Release */ = {
			isa = XCBuildConfiguration;
			buildSettings = {
				ASSETCATALOG_COMPILER_APPICON_NAME = AppIcon;
				ASSETCATALOG_COMPILER_GLOBAL_ACCENT_COLOR_NAME = AccentColor;
				CODE_SIGN_STYLE = Automatic;
				CURRENT_PROJECT_VERSION = 1;
				DEVELOPMENT_TEAM = 2GXE8XQJTS;
				GENERATE_INFOPLIST_FILE = YES;
				INFOPLIST_FILE = YPIsaDemo/Info.plist;
				INFOPLIST_KEY_UIApplicationSupportsIndirectInputEvents = YES;
				INFOPLIST_KEY_UILaunchStoryboardName = LaunchScreen;
				INFOPLIST_KEY_UIMainStoryboardFile = Main;
				INFOPLIST_KEY_UISupportedInterfaceOrientations_iPad = "UIInterfaceOrientationPortrait UIInterfaceOrientationPortraitUpsideDown UIInterfaceOrientationLandscapeLeft UIInterfaceOrientationLandscapeRight";
				INFOPLIST_KEY_UISupportedInterfaceOrientations_iPhone = "UIInterfaceOrientationPortrait UIInterfaceOrientationLandscapeLeft UIInterfaceOrientationLandscapeRight";
				LD_RUNPATH_SEARCH_PATHS = (
					"$(inherited)",
					"@executable_path/Frameworks",
				);
				MARKETING_VERSION = 1.0;
				PRODUCT_BUNDLE_IDENTIFIER = zyp.YPIsaDemo;
				PRODUCT_NAME = "$(TARGET_NAME)";
				SWIFT_EMIT_LOC_STRINGS = YES;
				TARGETED_DEVICE_FAMILY = "1,2";
			};
			name = Release;
		};
		268FA1E72D1D4F610028F72F /* Debug */ = {
			isa = XCBuildConfiguration;
			buildSettings = {
				BUNDLE_LOADER = "$(TEST_HOST)";
				CODE_SIGN_STYLE = Automatic;
				CURRENT_PROJECT_VERSION = 1;
				GENERATE_INFOPLIST_FILE = YES;
				IPHONEOS_DEPLOYMENT_TARGET = 15.5;
				MARKETING_VERSION = 1.0;
				PRODUCT_BUNDLE_IDENTIFIER = zyp.YPIsaDemoTests;
				PRODUCT_NAME = "$(TARGET_NAME)";
				SWIFT_EMIT_LOC_STRINGS = NO;
				TARGETED_DEVICE_FAMILY = "1,2";
				TEST_HOST = "$(BUILT_PRODUCTS_DIR)/YPIsaDemo.app/YPIsaDemo";
			};
			name = Debug;
		};
		268FA1E82D1D4F610028F72F /* Release */ = {
			isa = XCBuildConfiguration;
			buildSettings = {
				BUNDLE_LOADER = "$(TEST_HOST)";
				CODE_SIGN_STYLE = Automatic;
				CURRENT_PROJECT_VERSION = 1;
				GENERATE_INFOPLIST_FILE = YES;
				IPHONEOS_DEPLOYMENT_TARGET = 15.5;
				MARKETING_VERSION = 1.0;
				PRODUCT_BUNDLE_IDENTIFIER = zyp.YPIsaDemoTests;
				PRODUCT_NAME = "$(TARGET_NAME)";
				SWIFT_EMIT_LOC_STRINGS = NO;
				TARGETED_DEVICE_FAMILY = "1,2";
				TEST_HOST = "$(BUILT_PRODUCTS_DIR)/YPIsaDemo.app/YPIsaDemo";
			};
			name = Release;
		};
		268FA1EA2D1D4F610028F72F /* Debug */ = {
			isa = XCBuildConfiguration;
			buildSettings = {
				CODE_SIGN_STYLE = Automatic;
				CURRENT_PROJECT_VERSION = 1;
				GENERATE_INFOPLIST_FILE = YES;
				MARKETING_VERSION = 1.0;
				PRODUCT_BUNDLE_IDENTIFIER = zyp.YPIsaDemoUITests;
				PRODUCT_NAME = "$(TARGET_NAME)";
				SWIFT_EMIT_LOC_STRINGS = NO;
				TARGETED_DEVICE_FAMILY = "1,2";
				TEST_TARGET_NAME = YPIsaDemo;
			};
			name = Debug;
		};
		268FA1EB2D1D4F610028F72F /* Release */ = {
			isa = XCBuildConfiguration;
			buildSettings = {
				CODE_SIGN_STYLE = Automatic;
				CURRENT_PROJECT_VERSION = 1;
				GENERATE_INFOPLIST_FILE = YES;
				MARKETING_VERSION = 1.0;
				PRODUCT_BUNDLE_IDENTIFIER = zyp.YPIsaDemoUITests;
				PRODUCT_NAME = "$(TARGET_NAME)";
				SWIFT_EMIT_LOC_STRINGS = NO;
				TARGETED_DEVICE_FAMILY = "1,2";
				TEST_TARGET_NAME = YPIsaDemo;
			};
			name = Release;
		};
/* End XCBuildConfiguration section */

/* Begin XCConfigurationList section */
		268FA1AF2D1D4F600028F72F /* Build configuration list for PBXProject "YPIsaDemo" */ = {
			isa = XCConfigurationList;
			buildConfigurations = (
				268FA1E12D1D4F610028F72F /* Debug */,
				268FA1E22D1D4F610028F72F /* Release */,
			);
			defaultConfigurationIsVisible = 0;
			defaultConfigurationName = Release;
		};
		268FA1E32D1D4F610028F72F /* Build configuration list for PBXNativeTarget "YPIsaDemo" */ = {
			isa = XCConfigurationList;
			buildConfigurations = (
				268FA1E42D1D4F610028F72F /* Debug */,
				268FA1E52D1D4F610028F72F /* Release */,
			);
			defaultConfigurationIsVisible = 0;
			defaultConfigurationName = Release;
		};
		268FA1E62D1D4F610028F72F /* Build configuration list for PBXNativeTarget "YPIsaDemoTests" */ = {
			isa = XCConfigurationList;
			buildConfigurations = (
				268FA1E72D1D4F610028F72F /* Debug */,
				268FA1E82D1D4F610028F72F /* Release */,
			);
			defaultConfigurationIsVisible = 0;
			defaultConfigurationName = Release;
		};
		268FA1E92D1D4F610028F72F /* Build configuration list for PBXNativeTarget "YPIsaDemoUITests" */ = {
			isa = XCConfigurationList;
			buildConfigurations = (
				268FA1EA2D1D4F610028F72F /* Debug */,
				268FA1EB2D1D4F610028F72F /* Release */,
			);
			defaultConfigurationIsVisible = 0;
			defaultConfigurationName = Release;
		};
/* End XCConfigurationList section */
	};
	rootObject = 268FA1AC2D1D4F600028F72F /* Project object */;
}
